dependencies:
- name: extension-manager-operator-crds
  repository: oci://ghcr.io/openmfp/helm-charts
  version: 0.2.1
- name: common
  repository: oci://ghcr.io/openmfp/helm-charts
  version: 0.2.10
digest: sha256:1051d572467ea8f794ece7b959e3166c36174cc444072c4a4cb52e600ef42fe2
generated: "2025-02-13T15:55:05.759331455Z"
