dependencies:
- name: account-operator-crds
  repository: oci://ghcr.io/openmfp/helm-charts
  version: 0.1.9
- name: extension-manager-operator-crds
  repository: oci://ghcr.io/openmfp/helm-charts
  version: 0.1.5
digest: sha256:2718b3c956e164e21ad924215539bd7a302b07ad170d160f8197d338f213f6d5
generated: "2024-12-10T13:39:47.834958576Z"
