dependencies:
- name: keycloak
  repository: oci://registry-1.docker.io/bitnamicharts
  version: 24.5.2
- name: common
  repository: oci://ghcr.io/openmfp/helm-charts
  version: 0.4.8
digest: sha256:8e98e9ff211fef77a0374c1181dcd6663364912b20f150d92ac5975624c61fc2
generated: "2025-04-11T23:28:53.201096653Z"
