dependencies:
- name: keycloak
  repository: oci://registry-1.docker.io/bitnamicharts
  version: 24.4.13
- name: common
  repository: oci://ghcr.io/openmfp/helm-charts
  version: 0.2.10
digest: sha256:224e9854d7591e0c652ac02deb7aef8db00b2cb2e41ca728da14cc8d800314fe
generated: "2025-03-13T22:11:57.666832036Z"
