dependencies:
- name: account-operator-crds
  repository: oci://ghcr.io/openmfp/helm-charts
  version: 0.1.9
- name: common
  repository: oci://ghcr.io/openmfp/helm-charts
  version: 0.1.8
digest: sha256:19a171f6a1162daa29413b707ea515b06ffe98b45029c9f91cd2abb0d73c3f79
generated: "2024-12-10T13:39:34.26804071Z"
