dependencies:
- name: account-operator-crds
  repository: oci://ghcr.io/openmfp/helm-charts
  version: 0.2.2
- name: common
  repository: oci://ghcr.io/openmfp/helm-charts
  version: 0.4.11
digest: sha256:00b55a6530f27be46df2d930fff382e3f04eb639e14cafa418ad0259855b2286
generated: "2025-05-17T13:55:51.503756722Z"
