dependencies:
- name: example-content
  repository: oci://ghcr.io/openmfp/helm-charts
  version: 0.114.38
- name: portal
  repository: oci://ghcr.io/openmfp/helm-charts
  version: 0.74.11
- name: infra
  repository: oci://ghcr.io/openmfp/helm-charts
  version: 0.63.3
- name: extension-manager-operator
  repository: oci://ghcr.io/openmfp/helm-charts
  version: 0.30.59
- name: keycloak
  repository: oci://ghcr.io/openmfp/helm-charts
  version: 0.64.10
digest: sha256:bd3fcb9fbf48d35e397efd6aa4a376bd6acac77153f2c8d4ea9d20a3bc27aea3
generated: "2025-07-31T18:42:04.165377957Z"
