dependencies:
- name: example-content
  repository: oci://ghcr.io/openmfp/helm-charts
  version: 0.114.38
- name: portal
  repository: oci://ghcr.io/openmfp/helm-charts
  version: 0.74.10
- name: infra
  repository: oci://ghcr.io/openmfp/helm-charts
  version: 0.63.3
- name: extension-manager-operator
  repository: oci://ghcr.io/openmfp/helm-charts
  version: 0.30.36
- name: keycloak
  repository: oci://ghcr.io/openmfp/helm-charts
  version: 0.64.10
digest: sha256:bea3e7a5846130d564c9e3dfaadab55eda8143d1f623322ac761d12ec515f6f9
generated: "2025-07-25T13:55:19.403597153Z"
