dependencies:
- name: example-content
  repository: oci://ghcr.io/openmfp/helm-charts
  version: 0.111.18
- name: portal
  repository: oci://ghcr.io/openmfp/helm-charts
  version: 0.71.35
- name: infra
  repository: oci://ghcr.io/openmfp/helm-charts
  version: 0.60.8
- name: extension-manager-operator
  repository: oci://ghcr.io/openmfp/helm-charts
  version: 0.22.92
- name: keycloak
  repository: oci://ghcr.io/openmfp/helm-charts
  version: 0.60.15
digest: sha256:81ddd0146341c3904c01fa52c614ed9274cb6d64c0d27e2eb1d52d1e0870ed33
generated: "2025-01-29T15:49:06.534796247Z"
